
Microsoft Visual Studio Solution File, Format Version 12.00
# Visual Studio 15
VisualStudioVersion = 15.0.28307.329
MinimumVisualStudioVersion = 10.0.40219.1
Project("{FAE04EC0-301F-11D3-BF4B-00C04F79EFBC}") = "RockPaperScissor", "RockPaperScissor\RockPaperScissor.csproj", "{88378C35-521B-4958-BA1B-4428B9BE0D48}"
EndProject
Global
	GlobalSection(SolutionConfigurationPlatforms) = preSolution
		Debug|Any CPU = Debug|Any CPU
		Release|Any CPU = Release|Any CPU
	EndGlobalSection
	GlobalSection(ProjectConfigurationPlatforms) = postSolution
		{88378C35-521B-4958-BA1B-4428B9BE0D48}.Debug|Any CPU.ActiveCfg = Debug|Any CPU
		{88378C35-521B-4958-BA1B-4428B9BE0D48}.Debug|Any CPU.Build.0 = Debug|Any CPU
		{88378C35-521B-4958-BA1B-4428B9BE0D48}.Release|Any CPU.ActiveCfg = Release|Any CPU
		{88378C35-521B-4958-BA1B-4428B9BE0D48}.Release|Any CPU.Build.0 = Release|Any CPU
	EndGlobalSection
	GlobalSection(SolutionProperties) = preSolution
		HideSolutionNode = FALSE
	EndGlobalSection
	GlobalSection(ExtensibilityGlobals) = postSolution
		SolutionGuid = {24F0FE14-3075-4778-8BC1-98C2C691DC16}
	EndGlobalSection
EndGlobal
